
Microsoft Visual Studio Solution File, Format Version 12.00
# Visual Studio Version 16
VisualStudioVersion = 16.0.31624.102
MinimumVisualStudioVersion = 10.0.40219.1
Project("{FAE04EC0-301F-11D3-BF4B-00C04F79EFBC}") = "Лаба 9", "Лаба 9.csproj", "{7CEB5BB0-FEF6-44AD-AB0C-4BC5A8E880B5}"
EndProject
Global
	GlobalSection(SolutionConfigurationPlatforms) = preSolution
		Debug|Any CPU = Debug|Any CPU
		Release|Any CPU = Release|Any CPU
	EndGlobalSection
	GlobalSection(ProjectConfigurationPlatforms) = postSolution
		{7CEB5BB0-FEF6-44AD-AB0C-4BC5A8E880B5}.Debug|Any CPU.ActiveCfg = Debug|Any CPU
		{7CEB5BB0-FEF6-44AD-AB0C-4BC5A8E880B5}.Debug|Any CPU.Build.0 = Debug|Any CPU
		{7CEB5BB0-FEF6-44AD-AB0C-4BC5A8E880B5}.Release|Any CPU.ActiveCfg = Release|Any CPU
		{7CEB5BB0-FEF6-44AD-AB0C-4BC5A8E880B5}.Release|Any CPU.Build.0 = Release|Any CPU
	EndGlobalSection
	GlobalSection(SolutionProperties) = preSolution
		HideSolutionNode = FALSE
	EndGlobalSection
	GlobalSection(ExtensibilityGlobals) = postSolution
		SolutionGuid = {FEBD540C-0CCF-415B-BCD7-C50AD5DC0A68}
	EndGlobalSection
EndGlobal
