
Microsoft Visual Studio Solution File, Format Version 12.00
# Visual Studio Version 16
VisualStudioVersion = 16.0.31624.102
MinimumVisualStudioVersion = 10.0.40219.1
Project("{FAE04EC0-301F-11D3-BF4B-00C04F79EFBC}") = "Лаба 7", "Лаба 7.csproj", "{AC86422E-C813-4A81-8025-37E2961E1B50}"
EndProject
Global
	GlobalSection(SolutionConfigurationPlatforms) = preSolution
		Debug|Any CPU = Debug|Any CPU
		Release|Any CPU = Release|Any CPU
	EndGlobalSection
	GlobalSection(ProjectConfigurationPlatforms) = postSolution
		{AC86422E-C813-4A81-8025-37E2961E1B50}.Debug|Any CPU.ActiveCfg = Debug|Any CPU
		{AC86422E-C813-4A81-8025-37E2961E1B50}.Debug|Any CPU.Build.0 = Debug|Any CPU
		{AC86422E-C813-4A81-8025-37E2961E1B50}.Release|Any CPU.ActiveCfg = Release|Any CPU
		{AC86422E-C813-4A81-8025-37E2961E1B50}.Release|Any CPU.Build.0 = Release|Any CPU
	EndGlobalSection
	GlobalSection(SolutionProperties) = preSolution
		HideSolutionNode = FALSE
	EndGlobalSection
	GlobalSection(ExtensibilityGlobals) = postSolution
		SolutionGuid = {FA4CA1E2-D8ED-430A-8933-AA84F11514BE}
	EndGlobalSection
EndGlobal
