
Microsoft Visual Studio Solution File, Format Version 12.00
# Visual Studio Version 16
VisualStudioVersion = 16.0.31624.102
MinimumVisualStudioVersion = 10.0.40219.1
Project("{FAE04EC0-301F-11D3-BF4B-00C04F79EFBC}") = "Лаба 3", "Лаба 3.csproj", "{51BD29D6-44CE-45BF-AF0B-823CB8741A7A}"
EndProject
Global
	GlobalSection(SolutionConfigurationPlatforms) = preSolution
		Debug|Any CPU = Debug|Any CPU
		Release|Any CPU = Release|Any CPU
	EndGlobalSection
	GlobalSection(ProjectConfigurationPlatforms) = postSolution
		{51BD29D6-44CE-45BF-AF0B-823CB8741A7A}.Debug|Any CPU.ActiveCfg = Debug|Any CPU
		{51BD29D6-44CE-45BF-AF0B-823CB8741A7A}.Debug|Any CPU.Build.0 = Debug|Any CPU
		{51BD29D6-44CE-45BF-AF0B-823CB8741A7A}.Release|Any CPU.ActiveCfg = Release|Any CPU
		{51BD29D6-44CE-45BF-AF0B-823CB8741A7A}.Release|Any CPU.Build.0 = Release|Any CPU
	EndGlobalSection
	GlobalSection(SolutionProperties) = preSolution
		HideSolutionNode = FALSE
	EndGlobalSection
	GlobalSection(ExtensibilityGlobals) = postSolution
		SolutionGuid = {D27DA593-B602-4CFD-84DA-48292D69CBEE}
	EndGlobalSection
EndGlobal
